
Microsoft Visual Studio Solution File, Format Version 12.00
# Visual Studio Version 17
VisualStudioVersion = 17.13.35825.156 d17.13
MinimumVisualStudioVersion = 10.0.40219.1
Project("{FAE04EC0-301F-11D3-BF4B-00C04F79EFBC}") = "Gestion_Ecole", "Gestion_Ecole\Gestion_Ecole.csproj", "{18B2B374-2885-43FE-B926-893F02A6BDF3}"
EndProject
Project("{FAE04EC0-301F-11D3-BF4B-00C04F79EFBC}") = "DB.LIB", "DB.LIB\DB.LIB.csproj", "{FEA5A209-A089-4199-AB6E-FE8E55422B85}"
EndProject
Project("{FAE04EC0-301F-11D3-BF4B-00C04F79EFBC}") = "Gestion_Ecole.ConsoleTest", "Gestion_Ecole.ConsoleTest\Gestion_Ecole.ConsoleTest.csproj", "{274323CE-9FC2-48A5-A1FB-5418B4C895FA}"
EndProject
Project("{FAE04EC0-301F-11D3-BF4B-00C04F79EFBC}") = "Gestion_Ecole.WinForms1", "Gestion_Ecole.WinForms1\Gestion_Ecole.WinForms1.csproj", "{EFB513C6-725D-460D-8361-1B0DCA5ED1C9}"
EndProject
Global
	GlobalSection(SolutionConfigurationPlatforms) = preSolution
		Debug|Any CPU = Debug|Any CPU
		Release|Any CPU = Release|Any CPU
	EndGlobalSection
	GlobalSection(ProjectConfigurationPlatforms) = postSolution
		{18B2B374-2885-43FE-B926-893F02A6BDF3}.Debug|Any CPU.ActiveCfg = Debug|Any CPU
		{18B2B374-2885-43FE-B926-893F02A6BDF3}.Debug|Any CPU.Build.0 = Debug|Any CPU
		{18B2B374-2885-43FE-B926-893F02A6BDF3}.Release|Any CPU.ActiveCfg = Release|Any CPU
		{18B2B374-2885-43FE-B926-893F02A6BDF3}.Release|Any CPU.Build.0 = Release|Any CPU
		{FEA5A209-A089-4199-AB6E-FE8E55422B85}.Debug|Any CPU.ActiveCfg = Debug|Any CPU
		{FEA5A209-A089-4199-AB6E-FE8E55422B85}.Debug|Any CPU.Build.0 = Debug|Any CPU
		{FEA5A209-A089-4199-AB6E-FE8E55422B85}.Release|Any CPU.ActiveCfg = Release|Any CPU
		{FEA5A209-A089-4199-AB6E-FE8E55422B85}.Release|Any CPU.Build.0 = Release|Any CPU
		{274323CE-9FC2-48A5-A1FB-5418B4C895FA}.Debug|Any CPU.ActiveCfg = Debug|Any CPU
		{274323CE-9FC2-48A5-A1FB-5418B4C895FA}.Debug|Any CPU.Build.0 = Debug|Any CPU
		{274323CE-9FC2-48A5-A1FB-5418B4C895FA}.Release|Any CPU.ActiveCfg = Release|Any CPU
		{274323CE-9FC2-48A5-A1FB-5418B4C895FA}.Release|Any CPU.Build.0 = Release|Any CPU
		{EFB513C6-725D-460D-8361-1B0DCA5ED1C9}.Debug|Any CPU.ActiveCfg = Debug|Any CPU
		{EFB513C6-725D-460D-8361-1B0DCA5ED1C9}.Debug|Any CPU.Build.0 = Debug|Any CPU
		{EFB513C6-725D-460D-8361-1B0DCA5ED1C9}.Release|Any CPU.ActiveCfg = Release|Any CPU
		{EFB513C6-725D-460D-8361-1B0DCA5ED1C9}.Release|Any CPU.Build.0 = Release|Any CPU
	EndGlobalSection
	GlobalSection(SolutionProperties) = preSolution
		HideSolutionNode = FALSE
	EndGlobalSection
	GlobalSection(ExtensibilityGlobals) = postSolution
		SolutionGuid = {FDFB18C8-365D-46EA-9319-188C4FB2116A}
	EndGlobalSection
EndGlobal
